// !$*UTF8*$!
{
	archiveVersion = 1;
	classes = {
	};
	objectVersion = 45;
	objects = {

/* Begin PBXBuildFile section */
		1DDD58160DA1D0A300B32029 /* MainMenu.xib in Resources */ = {isa = PBXBuildFile; fileRef = 1DDD58140DA1D0A300B32029 /* MainMenu.xib */; };
		8D11072B0486CEB800E47090 /* InfoPlist.strings in Resources */ = {isa = PBXBuildFile; fileRef = 089C165CFE840E0CC02AAC07 /* InfoPlist.strings */; };
		8D11072D0486CEB800E47090 /* main.m in Sources */ = {isa = PBXBuildFile; fileRef = 29B97316FDCFA39411CA2CEA /* main.m */; settings = {ATTRIBUTES = (); }; };
		8D11072F0486CEB800E47090 /* Cocoa.framework in Frameworks */ = {isa = PBXBuildFile; fileRef = 1058C7A1FEA54F0111CA2CBB /* Cocoa.framework */; };
		CA0C233F11D3D0D00004545E /* GraphView.xib in Resources */ = {isa = PBXBuildFile; fileRef = CA0C233D11D3D0D00004545E /* GraphView.xib */; };
		CA0C234611D3D0F90004545E /* MainController.m in Sources */ = {isa = PBXBuildFile; fileRef = CA0C234511D3D0F90004545E /* MainController.m */; };
		CA26060D11D9157D00898DA9 /* tool_ruler.tiff in Resources */ = {isa = PBXBuildFile; fileRef = CA26060911D9157D00898DA9 /* tool_ruler.tiff */; };
		CA26060E11D9157D00898DA9 /* graph_overlap.tiff in Resources */ = {isa = PBXBuildFile; fileRef = CA26060A11D9157D00898DA9 /* graph_overlap.tiff */; };
		CA26060F11D9157D00898DA9 /* graph_stack.tiff in Resources */ = {isa = PBXBuildFile; fileRef = CA26060B11D9157D00898DA9 /* graph_stack.tiff */; };
		CA26061011D9157D00898DA9 /* tool_crop.tiff in Resources */ = {isa = PBXBuildFile; fileRef = CA26060C11D9157D00898DA9 /* tool_crop.tiff */; };
		CA26067511D91FEB00898DA9 /* FSWindowController.m in Sources */ = {isa = PBXBuildFile; fileRef = CA26067411D91FEB00898DA9 /* FSWindowController.m */; };
		CA2E312D11DB6C870055CE1F /* PlotColorArray.m in Sources */ = {isa = PBXBuildFile; fileRef = CA2E312C11DB6C870055CE1F /* PlotColorArray.m */; };
		CA325E1611DAF837001BE20E /* PlotAxisParameters.m in Sources */ = {isa = PBXBuildFile; fileRef = CA325E1511DAF837001BE20E /* PlotAxisParameters.m */; };
		CA33D0CD11E0CE5C00A3E5F2 /* single_left.tiff in Resources */ = {isa = PBXBuildFile; fileRef = CA33D0CC11E0CE5C00A3E5F2 /* single_left.tiff */; };
		CA33D0D111E0CFCC00A3E5F2 /* single_right.tiff in Resources */ = {isa = PBXBuildFile; fileRef = CA33D0CF11E0CFCC00A3E5F2 /* single_right.tiff */; };
		CA33D0D211E0CFCC00A3E5F2 /* single_lower.tiff in Resources */ = {isa = PBXBuildFile; fileRef = CA33D0D011E0CFCC00A3E5F2 /* single_lower.tiff */; };
		CA33D0DD11E11CF800A3E5F2 /* stacked_upper.tiff in Resources */ = {isa = PBXBuildFile; fileRef = CA33D0DA11E11CF800A3E5F2 /* stacked_upper.tiff */; };
		CA33D0DE11E11CF800A3E5F2 /* stacked_lower.tiff in Resources */ = {isa = PBXBuildFile; fileRef = CA33D0DB11E11CF800A3E5F2 /* stacked_lower.tiff */; };
		CA33D0F311E1213F00A3E5F2 /* stacked_domain.tiff in Resources */ = {isa = PBXBuildFile; fileRef = CA33D0F211E1213F00A3E5F2 /* stacked_domain.tiff */; };
		CA35022B122749D200482E13 /* fly.png in Resources */ = {isa = PBXBuildFile; fileRef = CA35022A122749D200482E13 /* fly.png */; };
		CA6C763E11E9115D0010BA54 /* FSWindow.m in Sources */ = {isa = PBXBuildFile; fileRef = CA6C763D11E9115D0010BA54 /* FSWindow.m */; };
		CA6DC8BF11E9216100DCB1F7 /* FSDataManager.m in Sources */ = {isa = PBXBuildFile; fileRef = CA6DC8BE11E9216100DCB1F7 /* FSDataManager.m */; };
		CA6FF39211F5724800675CF7 /* FSPlotView.m in Sources */ = {isa = PBXBuildFile; fileRef = CA6FF39111F5724800675CF7 /* FSPlotView.m */; };
		CA7F5A7C11DC59C600DC160F /* ToolTipTextField.m in Sources */ = {isa = PBXBuildFile; fileRef = CA7F5A7B11DC59C600DC160F /* ToolTipTextField.m */; };
		CA7F5A8411DC5A1100DC160F /* ToolTip.m in Sources */ = {isa = PBXBuildFile; fileRef = CA7F5A8311DC5A1100DC160F /* ToolTip.m */; };
		CA9CE03911C3EFCE001EDE6F /* CorePlot.framework in CopyFiles */ = {isa = PBXBuildFile; fileRef = CAD4959411C1DAA600E85B46 /* CorePlot.framework */; };
		CAAB92C611F3F34200C7F876 /* hand.tiff in Resources */ = {isa = PBXBuildFile; fileRef = CAAB92C511F3F34200C7F876 /* hand.tiff */; };
		CAB051F311F536F300A9C13B /* PlotRange.m in Sources */ = {isa = PBXBuildFile; fileRef = CAB051F211F536F300A9C13B /* PlotRange.m */; };
		CAC279D811EA2D1100AF0726 /* FSUnit.m in Sources */ = {isa = PBXBuildFile; fileRef = CAC279D711EA2D1100AF0726 /* FSUnit.m */; };
		CAD4956A11C1D9B000E85B46 /* PlotController.m in Sources */ = {isa = PBXBuildFile; fileRef = CAD4956911C1D9B000E85B46 /* PlotController.m */; };
		CAD495A011C1DAFB00E85B46 /* CorePlot.framework in Frameworks */ = {isa = PBXBuildFile; fileRef = CAD4959411C1DAA600E85B46 /* CorePlot.framework */; };
		CAD495B511C1DC5700E85B46 /* QuartzCore.framework in Frameworks */ = {isa = PBXBuildFile; fileRef = CAD495B411C1DC5700E85B46 /* QuartzCore.framework */; };
/* End PBXBuildFile section */

/* Begin PBXContainerItemProxy section */
		CAD4959311C1DAA600E85B46 /* PBXContainerItemProxy */ = {
			isa = PBXContainerItemProxy;
			containerPortal = CAD4958A11C1DAA600E85B46 /* CorePlot.xcodeproj */;
			proxyType = 2;
			remoteGlobalIDString = 8DC2EF5B0486A6940098B216;
			remoteInfo = CorePlot;
		};
		CAD4959511C1DAA600E85B46 /* PBXContainerItemProxy */ = {
			isa = PBXContainerItemProxy;
			containerPortal = CAD4958A11C1DAA600E85B46 /* CorePlot.xcodeproj */;
			proxyType = 2;
			remoteGlobalIDString = 0730F600109492D800E95162;
			remoteInfo = UnitTests;
		};
		CAD495A711C1DB4A00E85B46 /* PBXContainerItemProxy */ = {
			isa = PBXContainerItemProxy;
			containerPortal = CAD4958A11C1DAA600E85B46 /* CorePlot.xcodeproj */;
			proxyType = 1;
			remoteGlobalIDString = 8DC2EF4F0486A6940098B216;
			remoteInfo = CorePlot;
		};
/* End PBXContainerItemProxy section */

/* Begin PBXCopyFilesBuildPhase section */
		CA9CE03E11C3EFD3001EDE6F /* CopyFiles */ = {
			isa = PBXCopyFilesBuildPhase;
			buildActionMask = 2147483647;
			dstPath = "";
			dstSubfolderSpec = 10;
			files = (
				CA9CE03911C3EFCE001EDE6F /* CorePlot.framework in CopyFiles */,
			);
			runOnlyForDeploymentPostprocessing = 0;
		};
/* End PBXCopyFilesBuildPhase section */

/* Begin PBXFileReference section */
		089C165DFE840E0CC02AAC07 /* English */ = {isa = PBXFileReference; fileEncoding = 4; lastKnownFileType = text.plist.strings; name = English; path = English.lproj/InfoPlist.strings; sourceTree = "<group>"; };
		1058C7A1FEA54F0111CA2CBB /* Cocoa.framework */ = {isa = PBXFileReference; lastKnownFileType = wrapper.framework; name = Cocoa.framework; path = /System/Library/Frameworks/Cocoa.framework; sourceTree = "<absolute>"; };
		13E42FB307B3F0F600E4EEF1 /* CoreData.framework */ = {isa = PBXFileReference; lastKnownFileType = wrapper.framework; name = CoreData.framework; path = /System/Library/Frameworks/CoreData.framework; sourceTree = "<absolute>"; };
		1DDD58150DA1D0A300B32029 /* English */ = {isa = PBXFileReference; lastKnownFileType = file.xib; name = English; path = English.lproj/MainMenu.xib; sourceTree = "<group>"; };
		256AC3F00F4B6AF500CF3369 /* FlySightViewer_Prefix.pch */ = {isa = PBXFileReference; fileEncoding = 4; lastKnownFileType = sourcecode.c.h; path = FlySightViewer_Prefix.pch; sourceTree = "<group>"; };
		29B97316FDCFA39411CA2CEA /* main.m */ = {isa = PBXFileReference; fileEncoding = 4; lastKnownFileType = sourcecode.c.objc; path = main.m; sourceTree = "<group>"; };
		29B97324FDCFA39411CA2CEA /* AppKit.framework */ = {isa = PBXFileReference; lastKnownFileType = wrapper.framework; name = AppKit.framework; path = /System/Library/Frameworks/AppKit.framework; sourceTree = "<absolute>"; };
		29B97325FDCFA39411CA2CEA /* Foundation.framework */ = {isa = PBXFileReference; lastKnownFileType = wrapper.framework; name = Foundation.framework; path = /System/Library/Frameworks/Foundation.framework; sourceTree = "<absolute>"; };
		8D1107310486CEB800E47090 /* FlySightViewer-Info.plist */ = {isa = PBXFileReference; fileEncoding = 4; lastKnownFileType = text.plist.xml; path = "FlySightViewer-Info.plist"; sourceTree = "<group>"; };
		8D1107320486CEB800E47090 /* FlySightViewer.app */ = {isa = PBXFileReference; explicitFileType = wrapper.application; includeInIndex = 0; path = FlySightViewer.app; sourceTree = BUILT_PRODUCTS_DIR; };
		CA0C233E11D3D0D00004545E /* English */ = {isa = PBXFileReference; lastKnownFileType = file.xib; name = English; path = English.lproj/GraphView.xib; sourceTree = "<group>"; };
		CA0C234411D3D0F90004545E /* MainController.h */ = {isa = PBXFileReference; fileEncoding = 4; lastKnownFileType = sourcecode.c.h; path = MainController.h; sourceTree = "<group>"; };
		CA0C234511D3D0F90004545E /* MainController.m */ = {isa = PBXFileReference; fileEncoding = 4; lastKnownFileType = sourcecode.c.objc; path = MainController.m; sourceTree = "<group>"; };
		CA26060911D9157D00898DA9 /* tool_ruler.tiff */ = {isa = PBXFileReference; lastKnownFileType = image.tiff; path = tool_ruler.tiff; sourceTree = "<group>"; };
		CA26060A11D9157D00898DA9 /* graph_overlap.tiff */ = {isa = PBXFileReference; lastKnownFileType = image.tiff; path = graph_overlap.tiff; sourceTree = "<group>"; };
		CA26060B11D9157D00898DA9 /* graph_stack.tiff */ = {isa = PBXFileReference; lastKnownFileType = image.tiff; path = graph_stack.tiff; sourceTree = "<group>"; };
		CA26060C11D9157D00898DA9 /* tool_crop.tiff */ = {isa = PBXFileReference; lastKnownFileType = image.tiff; path = tool_crop.tiff; sourceTree = "<group>"; };
		CA26067311D91FEB00898DA9 /* FSWindowController.h */ = {isa = PBXFileReference; fileEncoding = 4; lastKnownFileType = sourcecode.c.h; path = FSWindowController.h; sourceTree = "<group>"; };
		CA26067411D91FEB00898DA9 /* FSWindowController.m */ = {isa = PBXFileReference; fileEncoding = 4; lastKnownFileType = sourcecode.c.objc; path = FSWindowController.m; sourceTree = "<group>"; };
		CA2E312B11DB6C870055CE1F /* PlotColorArray.h */ = {isa = PBXFileReference; fileEncoding = 4; lastKnownFileType = sourcecode.c.h; path = PlotColorArray.h; sourceTree = "<group>"; };
		CA2E312C11DB6C870055CE1F /* PlotColorArray.m */ = {isa = PBXFileReference; fileEncoding = 4; lastKnownFileType = sourcecode.c.objc; path = PlotColorArray.m; sourceTree = "<group>"; };
		CA325E1411DAF837001BE20E /* PlotAxisParameters.h */ = {isa = PBXFileReference; fileEncoding = 4; lastKnownFileType = sourcecode.c.h; path = PlotAxisParameters.h; sourceTree = "<group>"; };
		CA325E1511DAF837001BE20E /* PlotAxisParameters.m */ = {isa = PBXFileReference; fileEncoding = 4; lastKnownFileType = sourcecode.c.objc; path = PlotAxisParameters.m; sourceTree = "<group>"; };
		CA33D0CC11E0CE5C00A3E5F2 /* single_left.tiff */ = {isa = PBXFileReference; lastKnownFileType = image.tiff; path = single_left.tiff; sourceTree = "<group>"; };
		CA33D0CF11E0CFCC00A3E5F2 /* single_right.tiff */ = {isa = PBXFileReference; lastKnownFileType = image.tiff; path = single_right.tiff; sourceTree = "<group>"; };
		CA33D0D011E0CFCC00A3E5F2 /* single_lower.tiff */ = {isa = PBXFileReference; lastKnownFileType = image.tiff; path = single_lower.tiff; sourceTree = "<group>"; };
		CA33D0DA11E11CF800A3E5F2 /* stacked_upper.tiff */ = {isa = PBXFileReference; lastKnownFileType = image.tiff; path = stacked_upper.tiff; sourceTree = "<group>"; };
		CA33D0DB11E11CF800A3E5F2 /* stacked_lower.tiff */ = {isa = PBXFileReference; lastKnownFileType = image.tiff; path = stacked_lower.tiff; sourceTree = "<group>"; };
		CA33D0F211E1213F00A3E5F2 /* stacked_domain.tiff */ = {isa = PBXFileReference; lastKnownFileType = image.tiff; path = stacked_domain.tiff; sourceTree = "<group>"; };
		CA35022A122749D200482E13 /* fly.png */ = {isa = PBXFileReference; lastKnownFileType = image.png; path = fly.png; sourceTree = "<group>"; };
		CA6C763C11E9115D0010BA54 /* FSWindow.h */ = {isa = PBXFileReference; fileEncoding = 4; lastKnownFileType = sourcecode.c.h; path = FSWindow.h; sourceTree = "<group>"; };
		CA6C763D11E9115D0010BA54 /* FSWindow.m */ = {isa = PBXFileReference; fileEncoding = 4; lastKnownFileType = sourcecode.c.objc; path = FSWindow.m; sourceTree = "<group>"; };
		CA6DC8BD11E9216100DCB1F7 /* FSDataManager.h */ = {isa = PBXFileReference; fileEncoding = 4; lastKnownFileType = sourcecode.c.h; path = FSDataManager.h; sourceTree = "<group>"; };
		CA6DC8BE11E9216100DCB1F7 /* FSDataManager.m */ = {isa = PBXFileReference; fileEncoding = 4; lastKnownFileType = sourcecode.c.objc; path = FSDataManager.m; sourceTree = "<group>"; };
		CA6FF39011F5724800675CF7 /* FSPlotView.h */ = {isa = PBXFileReference; fileEncoding = 4; lastKnownFileType = sourcecode.c.h; path = FSPlotView.h; sourceTree = "<group>"; };
		CA6FF39111F5724800675CF7 /* FSPlotView.m */ = {isa = PBXFileReference; fileEncoding = 4; lastKnownFileType = sourcecode.c.objc; path = FSPlotView.m; sourceTree = "<group>"; };
		CA7F5A7A11DC59C600DC160F /* ToolTipTextField.h */ = {isa = PBXFileReference; fileEncoding = 4; lastKnownFileType = sourcecode.c.h; path = ToolTipTextField.h; sourceTree = "<group>"; };
		CA7F5A7B11DC59C600DC160F /* ToolTipTextField.m */ = {isa = PBXFileReference; fileEncoding = 4; lastKnownFileType = sourcecode.c.objc; path = ToolTipTextField.m; sourceTree = "<group>"; };
		CA7F5A8211DC5A1100DC160F /* ToolTip.h */ = {isa = PBXFileReference; fileEncoding = 4; lastKnownFileType = sourcecode.c.h; path = ToolTip.h; sourceTree = "<group>"; };
		CA7F5A8311DC5A1100DC160F /* ToolTip.m */ = {isa = PBXFileReference; fileEncoding = 4; lastKnownFileType = sourcecode.c.objc; path = ToolTip.m; sourceTree = "<group>"; };
		CAAB92C511F3F34200C7F876 /* hand.tiff */ = {isa = PBXFileReference; lastKnownFileType = image.tiff; path = hand.tiff; sourceTree = "<group>"; };
		CAB051F111F536F300A9C13B /* PlotRange.h */ = {isa = PBXFileReference; fileEncoding = 4; lastKnownFileType = sourcecode.c.h; path = PlotRange.h; sourceTree = "<group>"; };
		CAB051F211F536F300A9C13B /* PlotRange.m */ = {isa = PBXFileReference; fileEncoding = 4; lastKnownFileType = sourcecode.c.objc; path = PlotRange.m; sourceTree = "<group>"; };
		CAC279D611EA2D1100AF0726 /* FSUnit.h */ = {isa = PBXFileReference; fileEncoding = 4; lastKnownFileType = sourcecode.c.h; path = FSUnit.h; sourceTree = "<group>"; };
		CAC279D711EA2D1100AF0726 /* FSUnit.m */ = {isa = PBXFileReference; fileEncoding = 4; lastKnownFileType = sourcecode.c.objc; path = FSUnit.m; sourceTree = "<group>"; };
		CAD4956811C1D9B000E85B46 /* PlotController.h */ = {isa = PBXFileReference; fileEncoding = 4; lastKnownFileType = sourcecode.c.h; path = PlotController.h; sourceTree = "<group>"; };
		CAD4956911C1D9B000E85B46 /* PlotController.m */ = {isa = PBXFileReference; fileEncoding = 4; lastKnownFileType = sourcecode.c.objc; path = PlotController.m; sourceTree = "<group>"; };
		CAD4958A11C1DAA600E85B46 /* CorePlot.xcodeproj */ = {isa = PBXFileReference; lastKnownFileType = "wrapper.pb-project"; name = CorePlot.xcodeproj; path = ../CorePlot/framework/CorePlot.xcodeproj; sourceTree = SOURCE_ROOT; };
		CAD495B411C1DC5700E85B46 /* QuartzCore.framework */ = {isa = PBXFileReference; lastKnownFileType = wrapper.framework; name = QuartzCore.framework; path = System/Library/Frameworks/QuartzCore.framework; sourceTree = SDKROOT; };
/* End PBXFileReference section */

/* Begin PBXFrameworksBuildPhase section */
		8D11072E0486CEB800E47090 /* Frameworks */ = {
			isa = PBXFrameworksBuildPhase;
			buildActionMask = 2147483647;
			files = (
				CAD495A011C1DAFB00E85B46 /* CorePlot.framework in Frameworks */,
				8D11072F0486CEB800E47090 /* Cocoa.framework in Frameworks */,
				CAD495B511C1DC5700E85B46 /* QuartzCore.framework in Frameworks */,
			);
			runOnlyForDeploymentPostprocessing = 0;
		};
/* End PBXFrameworksBuildPhase section */

/* Begin PBXGroup section */
		080E96DDFE201D6D7F000001 /* Classes */ = {
			isa = PBXGroup;
			children = (
				CA7F5A7A11DC59C600DC160F /* ToolTipTextField.h */,
				CA7F5A7B11DC59C600DC160F /* ToolTipTextField.m */,
				CA7F5A8211DC5A1100DC160F /* ToolTip.h */,
				CA7F5A8311DC5A1100DC160F /* ToolTip.m */,
				CAB051F111F536F300A9C13B /* PlotRange.h */,
				CAB051F211F536F300A9C13B /* PlotRange.m */,
				CA2E312B11DB6C870055CE1F /* PlotColorArray.h */,
				CA2E312C11DB6C870055CE1F /* PlotColorArray.m */,
				CA325E1411DAF837001BE20E /* PlotAxisParameters.h */,
				CA325E1511DAF837001BE20E /* PlotAxisParameters.m */,
				CAD4956811C1D9B000E85B46 /* PlotController.h */,
				CAD4956911C1D9B000E85B46 /* PlotController.m */,
				CA6FF39011F5724800675CF7 /* FSPlotView.h */,
				CA6FF39111F5724800675CF7 /* FSPlotView.m */,
				CAC279D611EA2D1100AF0726 /* FSUnit.h */,
				CAC279D711EA2D1100AF0726 /* FSUnit.m */,
				CA6DC8BD11E9216100DCB1F7 /* FSDataManager.h */,
				CA6DC8BE11E9216100DCB1F7 /* FSDataManager.m */,
				CA26067311D91FEB00898DA9 /* FSWindowController.h */,
				CA26067411D91FEB00898DA9 /* FSWindowController.m */,
				CA6C763C11E9115D0010BA54 /* FSWindow.h */,
				CA6C763D11E9115D0010BA54 /* FSWindow.m */,
				CA0C234411D3D0F90004545E /* MainController.h */,
				CA0C234511D3D0F90004545E /* MainController.m */,
			);
			name = Classes;
			sourceTree = "<group>";
		};
		1058C7A0FEA54F0111CA2CBB /* Linked Frameworks */ = {
			isa = PBXGroup;
			children = (
				CAD495B411C1DC5700E85B46 /* QuartzCore.framework */,
				1058C7A1FEA54F0111CA2CBB /* Cocoa.framework */,
			);
			name = "Linked Frameworks";
			sourceTree = "<group>";
		};
		1058C7A2FEA54F0111CA2CBB /* Other Frameworks */ = {
			isa = PBXGroup;
			children = (
				29B97324FDCFA39411CA2CEA /* AppKit.framework */,
				13E42FB307B3F0F600E4EEF1 /* CoreData.framework */,
				29B97325FDCFA39411CA2CEA /* Foundation.framework */,
			);
			name = "Other Frameworks";
			sourceTree = "<group>";
		};
		19C28FACFE9D520D11CA2CBB /* Products */ = {
			isa = PBXGroup;
			children = (
				8D1107320486CEB800E47090 /* FlySightViewer.app */,
			);
			name = Products;
			sourceTree = "<group>";
		};
		29B97314FDCFA39411CA2CEA /* FlysightViewer */ = {
			isa = PBXGroup;
			children = (
				CAD4958A11C1DAA600E85B46 /* CorePlot.xcodeproj */,
				080E96DDFE201D6D7F000001 /* Classes */,
				29B97315FDCFA39411CA2CEA /* Other Sources */,
				29B97317FDCFA39411CA2CEA /* Resources */,
				29B97323FDCFA39411CA2CEA /* Frameworks */,
				19C28FACFE9D520D11CA2CBB /* Products */,
			);
			name = FlysightViewer;
			sourceTree = "<group>";
		};
		29B97315FDCFA39411CA2CEA /* Other Sources */ = {
			isa = PBXGroup;
			children = (
				256AC3F00F4B6AF500CF3369 /* FlySightViewer_Prefix.pch */,
				29B97316FDCFA39411CA2CEA /* main.m */,
			);
			name = "Other Sources";
			sourceTree = "<group>";
		};
		29B97317FDCFA39411CA2CEA /* Resources */ = {
			isa = PBXGroup;
			children = (
				CA26060911D9157D00898DA9 /* tool_ruler.tiff */,
				CA26060A11D9157D00898DA9 /* graph_overlap.tiff */,
				CA26060B11D9157D00898DA9 /* graph_stack.tiff */,
				CA26060C11D9157D00898DA9 /* tool_crop.tiff */,
				CA33D0CC11E0CE5C00A3E5F2 /* single_left.tiff */,
				CA33D0CF11E0CFCC00A3E5F2 /* single_right.tiff */,
				CA33D0D011E0CFCC00A3E5F2 /* single_lower.tiff */,
				CA33D0DA11E11CF800A3E5F2 /* stacked_upper.tiff */,
				CA33D0DB11E11CF800A3E5F2 /* stacked_lower.tiff */,
				CA33D0F211E1213F00A3E5F2 /* stacked_domain.tiff */,
				CAAB92C511F3F34200C7F876 /* hand.tiff */,
				CA35022A122749D200482E13 /* fly.png */,
				8D1107310486CEB800E47090 /* FlySightViewer-Info.plist */,
				089C165CFE840E0CC02AAC07 /* InfoPlist.strings */,
				CA0C233D11D3D0D00004545E /* GraphView.xib */,
				1DDD58140DA1D0A300B32029 /* MainMenu.xib */,
			);
			name = Resources;
			sourceTree = "<group>";
		};
		29B97323FDCFA39411CA2CEA /* Frameworks */ = {
			isa = PBXGroup;
			children = (
				1058C7A0FEA54F0111CA2CBB /* Linked Frameworks */,
				1058C7A2FEA54F0111CA2CBB /* Other Frameworks */,
			);
			name = Frameworks;
			sourceTree = "<group>";
		};
		CAD4958B11C1DAA600E85B46 /* Products */ = {
			isa = PBXGroup;
			children = (
				CAD4959411C1DAA600E85B46 /* CorePlot.framework */,
				CAD4959611C1DAA600E85B46 /* UnitTests.octest */,
			);
			name = Products;
			sourceTree = "<group>";
		};
/* End PBXGroup section */

/* Begin PBXNativeTarget section */
		8D1107260486CEB800E47090 /* FlySightViewer */ = {
			isa = PBXNativeTarget;
			buildConfigurationList = C01FCF4A08A954540054247B /* Build configuration list for PBXNativeTarget "FlySightViewer" */;
			buildPhases = (
				8D1107290486CEB800E47090 /* Resources */,
				8D11072C0486CEB800E47090 /* Sources */,
				8D11072E0486CEB800E47090 /* Frameworks */,
				CA9CE03E11C3EFD3001EDE6F /* CopyFiles */,
			);
			buildRules = (
			);
			dependencies = (
				CAD495A811C1DB4A00E85B46 /* PBXTargetDependency */,
			);
			name = FlySightViewer;
			productInstallPath = "$(HOME)/Applications";
			productName = FlysightViewer;
			productReference = 8D1107320486CEB800E47090 /* FlySightViewer.app */;
			productType = "com.apple.product-type.application";
		};
/* End PBXNativeTarget section */

/* Begin PBXProject section */
		29B97313FDCFA39411CA2CEA /* Project object */ = {
			isa = PBXProject;
			buildConfigurationList = C01FCF4E08A954540054247B /* Build configuration list for PBXProject "FlySightViewer" */;
			compatibilityVersion = "Xcode 3.1";
			hasScannedForEncodings = 1;
			mainGroup = 29B97314FDCFA39411CA2CEA /* FlysightViewer */;
			projectDirPath = "";
			projectReferences = (
				{
					ProductGroup = CAD4958B11C1DAA600E85B46 /* Products */;
					ProjectRef = CAD4958A11C1DAA600E85B46 /* CorePlot.xcodeproj */;
				},
			);
			projectRoot = "";
			targets = (
				8D1107260486CEB800E47090 /* FlySightViewer */,
			);
		};
/* End PBXProject section */

/* Begin PBXReferenceProxy section */
		CAD4959411C1DAA600E85B46 /* CorePlot.framework */ = {
			isa = PBXReferenceProxy;
			fileType = wrapper.framework;
			path = CorePlot.framework;
			remoteRef = CAD4959311C1DAA600E85B46 /* PBXContainerItemProxy */;
			sourceTree = BUILT_PRODUCTS_DIR;
		};
		CAD4959611C1DAA600E85B46 /* UnitTests.octest */ = {
			isa = PBXReferenceProxy;
			fileType = wrapper.cfbundle;
			path = UnitTests.octest;
			remoteRef = CAD4959511C1DAA600E85B46 /* PBXContainerItemProxy */;
			sourceTree = BUILT_PRODUCTS_DIR;
		};
/* End PBXReferenceProxy section */

/* Begin PBXResourcesBuildPhase section */
		8D1107290486CEB800E47090 /* Resources */ = {
			isa = PBXResourcesBuildPhase;
			buildActionMask = 2147483647;
			files = (
				8D11072B0486CEB800E47090 /* InfoPlist.strings in Resources */,
				1DDD58160DA1D0A300B32029 /* MainMenu.xib in Resources */,
				CA0C233F11D3D0D00004545E /* GraphView.xib in Resources */,
				CA26060D11D9157D00898DA9 /* tool_ruler.tiff in Resources */,
				CA26060E11D9157D00898DA9 /* graph_overlap.tiff in Resources */,
				CA26060F11D9157D00898DA9 /* graph_stack.tiff in Resources */,
				CA26061011D9157D00898DA9 /* tool_crop.tiff in Resources */,
				CA33D0CD11E0CE5C00A3E5F2 /* single_left.tiff in Resources */,
				CA33D0D111E0CFCC00A3E5F2 /* single_right.tiff in Resources */,
				CA33D0D211E0CFCC00A3E5F2 /* single_lower.tiff in Resources */,
				CA33D0DD11E11CF800A3E5F2 /* stacked_upper.tiff in Resources */,
				CA33D0DE11E11CF800A3E5F2 /* stacked_lower.tiff in Resources */,
				CA33D0F311E1213F00A3E5F2 /* stacked_domain.tiff in Resources */,
				CAAB92C611F3F34200C7F876 /* hand.tiff in Resources */,
				CA35022B122749D200482E13 /* fly.png in Resources */,
			);
			runOnlyForDeploymentPostprocessing = 0;
		};
/* End PBXResourcesBuildPhase section */

/* Begin PBXSourcesBuildPhase section */
		8D11072C0486CEB800E47090 /* Sources */ = {
			isa = PBXSourcesBuildPhase;
			buildActionMask = 2147483647;
			files = (
				8D11072D0486CEB800E47090 /* main.m in Sources */,
				CAD4956A11C1D9B000E85B46 /* PlotController.m in Sources */,
				CA0C234611D3D0F90004545E /* MainController.m in Sources */,
				CA26067511D91FEB00898DA9 /* FSWindowController.m in Sources */,
				CA325E1611DAF837001BE20E /* PlotAxisParameters.m in Sources */,
				CA2E312D11DB6C870055CE1F /* PlotColorArray.m in Sources */,
				CA7F5A7C11DC59C600DC160F /* ToolTipTextField.m in Sources */,
				CA7F5A8411DC5A1100DC160F /* ToolTip.m in Sources */,
				CA6C763E11E9115D0010BA54 /* FSWindow.m in Sources */,
				CA6DC8BF11E9216100DCB1F7 /* FSDataManager.m in Sources */,
				CAC279D811EA2D1100AF0726 /* FSUnit.m in Sources */,
				CAB051F311F536F300A9C13B /* PlotRange.m in Sources */,
				CA6FF39211F5724800675CF7 /* FSPlotView.m in Sources */,
			);
			runOnlyForDeploymentPostprocessing = 0;
		};
/* End PBXSourcesBuildPhase section */

/* Begin PBXTargetDependency section */
		CAD495A811C1DB4A00E85B46 /* PBXTargetDependency */ = {
			isa = PBXTargetDependency;
			name = CorePlot;
			targetProxy = CAD495A711C1DB4A00E85B46 /* PBXContainerItemProxy */;
		};
/* End PBXTargetDependency section */

/* Begin PBXVariantGroup section */
		089C165CFE840E0CC02AAC07 /* InfoPlist.strings */ = {
			isa = PBXVariantGroup;
			children = (
				089C165DFE840E0CC02AAC07 /* English */,
			);
			name = InfoPlist.strings;
			sourceTree = "<group>";
		};
		1DDD58140DA1D0A300B32029 /* MainMenu.xib */ = {
			isa = PBXVariantGroup;
			children = (
				1DDD58150DA1D0A300B32029 /* English */,
			);
			name = MainMenu.xib;
			sourceTree = "<group>";
		};
		CA0C233D11D3D0D00004545E /* GraphView.xib */ = {
			isa = PBXVariantGroup;
			children = (
				CA0C233E11D3D0D00004545E /* English */,
			);
			name = GraphView.xib;
			sourceTree = "<group>";
		};
/* End PBXVariantGroup section */

/* Begin XCBuildConfiguration section */
		C01FCF4B08A954540054247B /* Debug */ = {
			isa = XCBuildConfiguration;
			buildSettings = {
				ALWAYS_SEARCH_USER_PATHS = NO;
				COPY_PHASE_STRIP = NO;
				FRAMEWORK_SEARCH_PATHS = "\"$(SRCROOT)/../CorePlot/framework/build/$(CONFIGURATION)\"/**";
				GCC_DYNAMIC_NO_PIC = NO;
				GCC_ENABLE_FIX_AND_CONTINUE = YES;
				GCC_MODEL_TUNING = G5;
				GCC_OPTIMIZATION_LEVEL = 0;
				GCC_PRECOMPILE_PREFIX_HEADER = YES;
				GCC_PREFIX_HEADER = FlySightViewer_Prefix.pch;
				INFOPLIST_FILE = "FlySightViewer-Info.plist";
				INSTALL_PATH = "$(HOME)/Applications";
				PRODUCT_NAME = FlySightViewer;
				SDKROOT = macosx10.5;
			};
			name = Debug;
		};
		C01FCF4C08A954540054247B /* Release */ = {
			isa = XCBuildConfiguration;
			buildSettings = {
				ALWAYS_SEARCH_USER_PATHS = NO;
				DEBUG_INFORMATION_FORMAT = "dwarf-with-dsym";
				FRAMEWORK_SEARCH_PATHS = "\"$(SRCROOT)/../CorePlot/framework/build/$(CONFIGURATION)\"/**";
				GCC_MODEL_TUNING = G5;
				GCC_PRECOMPILE_PREFIX_HEADER = YES;
				GCC_PREFIX_HEADER = FlySightViewer_Prefix.pch;
				HEADER_SEARCH_PATHS = "";
				INFOPLIST_FILE = "FlySightViewer-Info.plist";
				INSTALL_PATH = "$(HOME)/Applications";
				PRODUCT_NAME = FlySightViewer;
				SDKROOT = macosx10.5;
			};
			name = Release;
		};
		C01FCF4F08A954540054247B /* Debug */ = {
			isa = XCBuildConfiguration;
			buildSettings = {
				ARCHS = "$(ARCHS_STANDARD_32_64_BIT)";
				FRAMEWORK_SEARCH_PATHS = "/Users/jcooper/Programming/Personal/CorePlot/framework/**";
				GCC_C_LANGUAGE_STANDARD = gnu99;
				GCC_OPTIMIZATION_LEVEL = 0;
				GCC_WARN_ABOUT_RETURN_TYPE = YES;
				GCC_WARN_UNUSED_VARIABLE = YES;
				HEADER_SEARCH_PATHS = "";
				ONLY_ACTIVE_ARCH = YES;
				OTHER_LDFLAGS = "-ObjC";
				PREBINDING = NO;
				SDKROOT = macosx10.6;
			};
			name = Debug;
		};
		C01FCF5008A954540054247B /* Release */ = {
			isa = XCBuildConfiguration;
			buildSettings = {
				ARCHS = "$(ARCHS_STANDARD_32_64_BIT)";
				FRAMEWORK_SEARCH_PATHS = "\"$(SRCROOT)/../CorePlot/framework/build/$(CONFIGURATION)\"/**";
				GCC_C_LANGUAGE_STANDARD = gnu99;
				GCC_WARN_ABOUT_RETURN_TYPE = YES;
				GCC_WARN_UNUSED_VARIABLE = YES;
				HEADER_SEARCH_PATHS = "";
				PREBINDING = NO;
				SDKROOT = macosx10.6;
			};
			name = Release;
		};
/* End XCBuildConfiguration section */

/* Begin XCConfigurationList section */
		C01FCF4A08A954540054247B /* Build configuration list for PBXNativeTarget "FlySightViewer" */ = {
			isa = XCConfigurationList;
			buildConfigurations = (
				C01FCF4B08A954540054247B /* Debug */,
				C01FCF4C08A954540054247B /* Release */,
			);
			defaultConfigurationIsVisible = 0;
			defaultConfigurationName = Release;
		};
		C01FCF4E08A954540054247B /* Build configuration list for PBXProject "FlySightViewer" */ = {
			isa = XCConfigurationList;
			buildConfigurations = (
				C01FCF4F08A954540054247B /* Debug */,
				C01FCF5008A954540054247B /* Release */,
			);
			defaultConfigurationIsVisible = 0;
			defaultConfigurationName = Release;
		};
/* End XCConfigurationList section */
	};
	rootObject = 29B97313FDCFA39411CA2CEA /* Project object */;
}
